
Microsoft Visual Studio Solution File, Format Version 12.00
# Visual Studio Version 17
VisualStudioVersion = 17.5.33414.496
MinimumVisualStudioVersion = 10.0.40219.1
Project("{FAE04EC0-301F-11D3-BF4B-00C04F79EFBC}") = "CacheApp", "CacheApp\CacheApp.csproj", "{BC012024-F6C5-4152-A20C-4D682F40AFDC}"
EndProject
Global
	GlobalSection(SolutionConfigurationPlatforms) = preSolution
		Debug|Any CPU = Debug|Any CPU
		Release|Any CPU = Release|Any CPU
	EndGlobalSection
	GlobalSection(ProjectConfigurationPlatforms) = postSolution
		{BC012024-F6C5-4152-A20C-4D682F40AFDC}.Debug|Any CPU.ActiveCfg = Debug|Any CPU
		{BC012024-F6C5-4152-A20C-4D682F40AFDC}.Debug|Any CPU.Build.0 = Debug|Any CPU
		{BC012024-F6C5-4152-A20C-4D682F40AFDC}.Release|Any CPU.ActiveCfg = Release|Any CPU
		{BC012024-F6C5-4152-A20C-4D682F40AFDC}.Release|Any CPU.Build.0 = Release|Any CPU
	EndGlobalSection
	GlobalSection(SolutionProperties) = preSolution
		HideSolutionNode = FALSE
	EndGlobalSection
	GlobalSection(ExtensibilityGlobals) = postSolution
		SolutionGuid = {B59CFDB2-9DDB-4EF5-9A5B-E50EB8497795}
	EndGlobalSection
EndGlobal
